{
  "name": "node-app",
  "version": "1.0.0",
  "lockfileVersion": 1,
  "requires": true,
  "dependencies": {
    "lion-lib-testcommitjv": {
      "version": "1.0.0",
      "resolved": "https://registry.npmjs.org/lion-lib-testcommitjv/-/lion-lib-testcommitjv-1.0.0.tgz",
      "integrity": "sha512-51dWcmZumRgS0dun4GZSJpHNTVvf2B6WUizNHWZ26zoyX1TuMfhhEaMAgYyib08LVsBURd7ODD2+yzWz/lMMog=="
    }
  }
}
